{
  "name": "mockgpio",
  "version": "1.0.0",
  "lockfileVersion": 1,
  "requires": true,
  "dependencies": {
    "pigpio-mock": {
      "version": "0.0.1",
      "resolved": "https://registry.npmjs.org/pigpio-mock/-/pigpio-mock-0.0.1.tgz",
      "integrity": "sha1-Xls/10mHtr/MZTst4SGa6ruw3Lg=",
      "dev": true
    }
  }
}
